
Microsoft Visual Studio Solution File, Format Version 12.00
# Visual Studio Version 16
VisualStudioVersion = 16.0.29709.97
MinimumVisualStudioVersion = 10.0.40219.1
Project("{FAE04EC0-301F-11D3-BF4B-00C04F79EFBC}") = "Hospital", "Hospital.csproj", "{5C0AC09E-B25C-45CD-BFB7-036912052255}"
EndProject
Global
	GlobalSection(SolutionConfigurationPlatforms) = preSolution
		Debug|Any CPU = Debug|Any CPU
		Release|Any CPU = Release|Any CPU
	EndGlobalSection
	GlobalSection(ProjectConfigurationPlatforms) = postSolution
		{5C0AC09E-B25C-45CD-BFB7-036912052255}.Debug|Any CPU.ActiveCfg = Debug|Any CPU
		{5C0AC09E-B25C-45CD-BFB7-036912052255}.Debug|Any CPU.Build.0 = Debug|Any CPU
		{5C0AC09E-B25C-45CD-BFB7-036912052255}.Release|Any CPU.ActiveCfg = Release|Any CPU
		{5C0AC09E-B25C-45CD-BFB7-036912052255}.Release|Any CPU.Build.0 = Release|Any CPU
	EndGlobalSection
	GlobalSection(SolutionProperties) = preSolution
		HideSolutionNode = FALSE
	EndGlobalSection
	GlobalSection(ExtensibilityGlobals) = postSolution
		SolutionGuid = {ADDE6A8C-C97D-4235-8A2E-79352969707B}
	EndGlobalSection
EndGlobal
